
Microsoft Visual Studio Solution File, Format Version 12.00
# Visual Studio Version 17
VisualStudioVersion = 17.7.34018.315
MinimumVisualStudioVersion = 10.0.40219.1
Project("{9A19103F-16F7-4668-BE54-9A1E7A4F7556}") = "Venta.Aplicacion", "Venta.Aplicacion\Venta.Aplicacion.csproj", "{9962B0AE-16F8-4DDE-A794-658A289A9346}"
EndProject
Project("{2150E333-8FDC-42A3-9474-1A3956D46DE8}") = "Aplicacion", "Aplicacion", "{F409038D-1DE9-41C7-A683-3387C6FBB047}"
EndProject
Project("{2150E333-8FDC-42A3-9474-1A3956D46DE8}") = "Dominio", "Dominio", "{82B1D1F9-D1E7-4505-AD46-4AF7A60C31C3}"
EndProject
Project("{2150E333-8FDC-42A3-9474-1A3956D46DE8}") = "Tests", "Tests", "{4865AE20-9A08-4F26-8A59-467DDD2BE31A}"
EndProject
Project("{9A19103F-16F7-4668-BE54-9A1E7A4F7556}") = "Venta.Dominio", "Venta.Dominio\Venta.Dominio.csproj", "{267A3656-6D3F-46A8-8B2F-5D5A2FABC536}"
EndProject
Project("{FAE04EC0-301F-11D3-BF4B-00C04F79EFBC}") = "Venta.Aplicacion.Tests", "Venta.Aplicacion.Tests\Venta.Aplicacion.Tests.csproj", "{EA1F7C9B-9F48-491C-86D4-6BB1416D4278}"
EndProject
Project("{2150E333-8FDC-42A3-9474-1A3956D46DE8}") = "Infraestructura", "Infraestructura", "{1BA736D1-8E89-4773-8A79-E168C94E474E}"
EndProject
Project("{FAE04EC0-301F-11D3-BF4B-00C04F79EFBC}") = "Venta.Infraestructura", "Venta.Infraestructura\Venta.Infraestructura.csproj", "{48DFC015-A8DF-4636-B244-1F78A16E60C1}"
EndProject
Project("{2150E333-8FDC-42A3-9474-1A3956D46DE8}") = "WebApi", "WebApi", "{635F7438-56B8-4A08-A3A9-2F496E82B74B}"
EndProject
Project("{FAE04EC0-301F-11D3-BF4B-00C04F79EFBC}") = "Venta.API", "Venta.API\Venta.API.csproj", "{DF0AEED1-DC08-4875-8E33-37C357D43AD2}"
EndProject
Global
	GlobalSection(SolutionConfigurationPlatforms) = preSolution
		Debug|Any CPU = Debug|Any CPU
		Release|Any CPU = Release|Any CPU
	EndGlobalSection
	GlobalSection(ProjectConfigurationPlatforms) = postSolution
		{9962B0AE-16F8-4DDE-A794-658A289A9346}.Debug|Any CPU.ActiveCfg = Debug|Any CPU
		{9962B0AE-16F8-4DDE-A794-658A289A9346}.Debug|Any CPU.Build.0 = Debug|Any CPU
		{9962B0AE-16F8-4DDE-A794-658A289A9346}.Release|Any CPU.ActiveCfg = Release|Any CPU
		{9962B0AE-16F8-4DDE-A794-658A289A9346}.Release|Any CPU.Build.0 = Release|Any CPU
		{267A3656-6D3F-46A8-8B2F-5D5A2FABC536}.Debug|Any CPU.ActiveCfg = Debug|Any CPU
		{267A3656-6D3F-46A8-8B2F-5D5A2FABC536}.Debug|Any CPU.Build.0 = Debug|Any CPU
		{267A3656-6D3F-46A8-8B2F-5D5A2FABC536}.Release|Any CPU.ActiveCfg = Release|Any CPU
		{267A3656-6D3F-46A8-8B2F-5D5A2FABC536}.Release|Any CPU.Build.0 = Release|Any CPU
		{EA1F7C9B-9F48-491C-86D4-6BB1416D4278}.Debug|Any CPU.ActiveCfg = Debug|Any CPU
		{EA1F7C9B-9F48-491C-86D4-6BB1416D4278}.Debug|Any CPU.Build.0 = Debug|Any CPU
		{EA1F7C9B-9F48-491C-86D4-6BB1416D4278}.Release|Any CPU.ActiveCfg = Release|Any CPU
		{EA1F7C9B-9F48-491C-86D4-6BB1416D4278}.Release|Any CPU.Build.0 = Release|Any CPU
		{48DFC015-A8DF-4636-B244-1F78A16E60C1}.Debug|Any CPU.ActiveCfg = Debug|Any CPU
		{48DFC015-A8DF-4636-B244-1F78A16E60C1}.Debug|Any CPU.Build.0 = Debug|Any CPU
		{48DFC015-A8DF-4636-B244-1F78A16E60C1}.Release|Any CPU.ActiveCfg = Release|Any CPU
		{48DFC015-A8DF-4636-B244-1F78A16E60C1}.Release|Any CPU.Build.0 = Release|Any CPU
		{DF0AEED1-DC08-4875-8E33-37C357D43AD2}.Debug|Any CPU.ActiveCfg = Debug|Any CPU
		{DF0AEED1-DC08-4875-8E33-37C357D43AD2}.Debug|Any CPU.Build.0 = Debug|Any CPU
		{DF0AEED1-DC08-4875-8E33-37C357D43AD2}.Release|Any CPU.ActiveCfg = Release|Any CPU
		{DF0AEED1-DC08-4875-8E33-37C357D43AD2}.Release|Any CPU.Build.0 = Release|Any CPU
	EndGlobalSection
	GlobalSection(SolutionProperties) = preSolution
		HideSolutionNode = FALSE
	EndGlobalSection
	GlobalSection(NestedProjects) = preSolution
		{9962B0AE-16F8-4DDE-A794-658A289A9346} = {F409038D-1DE9-41C7-A683-3387C6FBB047}
		{267A3656-6D3F-46A8-8B2F-5D5A2FABC536} = {82B1D1F9-D1E7-4505-AD46-4AF7A60C31C3}
		{EA1F7C9B-9F48-491C-86D4-6BB1416D4278} = {4865AE20-9A08-4F26-8A59-467DDD2BE31A}
		{48DFC015-A8DF-4636-B244-1F78A16E60C1} = {1BA736D1-8E89-4773-8A79-E168C94E474E}
		{DF0AEED1-DC08-4875-8E33-37C357D43AD2} = {635F7438-56B8-4A08-A3A9-2F496E82B74B}
	EndGlobalSection
	GlobalSection(ExtensibilityGlobals) = postSolution
		SolutionGuid = {6A4A6157-3458-484F-B693-5268EA766B5A}
	EndGlobalSection
EndGlobal
